
Microsoft Visual Studio Solution File, Format Version 12.00
# Visual Studio 2013
VisualStudioVersion = 12.0.31101.0
MinimumVisualStudioVersion = 10.0.40219.1
Project("{2150E333-8FDC-42A3-9474-1A3956D46DE8}") = "libs", "libs", "{63AE401A-2E51-426B-82CF-CFA1571DED68}"
EndProject
Project("{2150E333-8FDC-42A3-9474-1A3956D46DE8}") = "tools", "tools", "{8ACACA57-A4E5-4888-9939-524BC1A5B7A3}"
EndProject
Project("{8BC9CEB8-8B4A-11D0-8D11-00A0C91BC942}") = "am", "lib\am\am.vcxproj", "{127613F8-1D98-4735-8D59-D58AB9033E1A}"
EndProject
Project("{8BC9CEB8-8B4A-11D0-8D11-00A0C91BC942}") = "base", "lib\base\base.vcxproj", "{5B6DA751-D71A-42EE-B065-10D727E45068}"
EndProject
Project("{8BC9CEB8-8B4A-11D0-8D11-00A0C91BC942}") = "fe", "lib\fe\fe.vcxproj", "{5C9D2644-DE35-44F9-99C3-AE8EAB844495}"
EndProject
Project("{8BC9CEB8-8B4A-11D0-8D11-00A0C91BC942}") = "spkdiar", "lib\spkdiar\spkdiar.vcxproj", "{12D9E5BD-5A84-4731-82C4-8248AAE0CA6B}"
EndProject
Project("{8BC9CEB8-8B4A-11D0-8D11-00A0C91BC942}") = "vad", "lib\vad\vad.vcxproj", "{D9E7796F-710B-4FC6-9590-719E11AE539C}"
EndProject
Project("{8BC9CEB8-8B4A-11D0-8D11-00A0C91BC942}") = "util", "lib\util\util.vcxproj", "{9924FDA5-5BC2-4F4E-B5CE-D0A3D5F2B62B}"
EndProject
Project("{8BC9CEB8-8B4A-11D0-8D11-00A0C91BC942}") = "sv", "lib\sv\sv.vcxproj", "{6B8571A8-0694-4F83-80C1-7A120C43D9A9}"
EndProject
Project("{8BC9CEB8-8B4A-11D0-8D11-00A0C91BC942}") = "spkdiar", "tools\spkdiar\spkdiar.vcxproj", "{44B83923-1EC9-4E10-904D-E80A1D2C74CC}"
EndProject
Project("{8BC9CEB8-8B4A-11D0-8D11-00A0C91BC942}") = "vadbp", "tools\vadbp\vadbp.vcxproj", "{877C73CF-1B48-42A5-9B1B-A09223B27CEC}"
EndProject
Project("{8BC9CEB8-8B4A-11D0-8D11-00A0C91BC942}") = "hmm", "lib\hmm\hmm.vcxproj", "{33B551C0-8F15-40D5-B7B2-21AEB82C6E3F}"
EndProject
Project("{8BC9CEB8-8B4A-11D0-8D11-00A0C91BC942}") = "svbp", "tools\svbp\svbp.vcxproj", "{2F8EB5AD-A2BA-4BCF-91BA-8E8D7FE87C01}"
EndProject
Global
	GlobalSection(SolutionConfigurationPlatforms) = preSolution
		Debug|Mixed Platforms = Debug|Mixed Platforms
		Debug|Win32 = Debug|Win32
		Debug|x64 = Debug|x64
		Release|Mixed Platforms = Release|Mixed Platforms
		Release|Win32 = Release|Win32
		Release|x64 = Release|x64
	EndGlobalSection
	GlobalSection(ProjectConfigurationPlatforms) = postSolution
		{127613F8-1D98-4735-8D59-D58AB9033E1A}.Debug|Mixed Platforms.ActiveCfg = Debug|Win32
		{127613F8-1D98-4735-8D59-D58AB9033E1A}.Debug|Mixed Platforms.Build.0 = Debug|Win32
		{127613F8-1D98-4735-8D59-D58AB9033E1A}.Debug|Win32.ActiveCfg = Debug|x64
		{127613F8-1D98-4735-8D59-D58AB9033E1A}.Debug|Win32.Build.0 = Debug|x64
		{127613F8-1D98-4735-8D59-D58AB9033E1A}.Debug|x64.ActiveCfg = Debug|x64
		{127613F8-1D98-4735-8D59-D58AB9033E1A}.Debug|x64.Build.0 = Debug|x64
		{127613F8-1D98-4735-8D59-D58AB9033E1A}.Release|Mixed Platforms.ActiveCfg = Release|Win32
		{127613F8-1D98-4735-8D59-D58AB9033E1A}.Release|Mixed Platforms.Build.0 = Release|Win32
		{127613F8-1D98-4735-8D59-D58AB9033E1A}.Release|Win32.ActiveCfg = Release|Win32
		{127613F8-1D98-4735-8D59-D58AB9033E1A}.Release|Win32.Build.0 = Release|Win32
		{127613F8-1D98-4735-8D59-D58AB9033E1A}.Release|x64.ActiveCfg = Release|x64
		{127613F8-1D98-4735-8D59-D58AB9033E1A}.Release|x64.Build.0 = Release|x64
		{5B6DA751-D71A-42EE-B065-10D727E45068}.Debug|Mixed Platforms.ActiveCfg = Debug|Win32
		{5B6DA751-D71A-42EE-B065-10D727E45068}.Debug|Mixed Platforms.Build.0 = Debug|Win32
		{5B6DA751-D71A-42EE-B065-10D727E45068}.Debug|Win32.ActiveCfg = Debug|x64
		{5B6DA751-D71A-42EE-B065-10D727E45068}.Debug|Win32.Build.0 = Debug|x64
		{5B6DA751-D71A-42EE-B065-10D727E45068}.Debug|x64.ActiveCfg = Debug|x64
		{5B6DA751-D71A-42EE-B065-10D727E45068}.Debug|x64.Build.0 = Debug|x64
		{5B6DA751-D71A-42EE-B065-10D727E45068}.Release|Mixed Platforms.ActiveCfg = Release|Win32
		{5B6DA751-D71A-42EE-B065-10D727E45068}.Release|Mixed Platforms.Build.0 = Release|Win32
		{5B6DA751-D71A-42EE-B065-10D727E45068}.Release|Win32.ActiveCfg = Release|Win32
		{5B6DA751-D71A-42EE-B065-10D727E45068}.Release|Win32.Build.0 = Release|Win32
		{5B6DA751-D71A-42EE-B065-10D727E45068}.Release|x64.ActiveCfg = Release|x64
		{5B6DA751-D71A-42EE-B065-10D727E45068}.Release|x64.Build.0 = Release|x64
		{5C9D2644-DE35-44F9-99C3-AE8EAB844495}.Debug|Mixed Platforms.ActiveCfg = Debug|Win32
		{5C9D2644-DE35-44F9-99C3-AE8EAB844495}.Debug|Mixed Platforms.Build.0 = Debug|Win32
		{5C9D2644-DE35-44F9-99C3-AE8EAB844495}.Debug|Win32.ActiveCfg = Debug|x64
		{5C9D2644-DE35-44F9-99C3-AE8EAB844495}.Debug|Win32.Build.0 = Debug|x64
		{5C9D2644-DE35-44F9-99C3-AE8EAB844495}.Debug|x64.ActiveCfg = Debug|x64
		{5C9D2644-DE35-44F9-99C3-AE8EAB844495}.Debug|x64.Build.0 = Debug|x64
		{5C9D2644-DE35-44F9-99C3-AE8EAB844495}.Release|Mixed Platforms.ActiveCfg = Release|Win32
		{5C9D2644-DE35-44F9-99C3-AE8EAB844495}.Release|Mixed Platforms.Build.0 = Release|Win32
		{5C9D2644-DE35-44F9-99C3-AE8EAB844495}.Release|Win32.ActiveCfg = Release|Win32
		{5C9D2644-DE35-44F9-99C3-AE8EAB844495}.Release|Win32.Build.0 = Release|Win32
		{5C9D2644-DE35-44F9-99C3-AE8EAB844495}.Release|x64.ActiveCfg = Release|x64
		{5C9D2644-DE35-44F9-99C3-AE8EAB844495}.Release|x64.Build.0 = Release|x64
		{12D9E5BD-5A84-4731-82C4-8248AAE0CA6B}.Debug|Mixed Platforms.ActiveCfg = Debug|Win32
		{12D9E5BD-5A84-4731-82C4-8248AAE0CA6B}.Debug|Mixed Platforms.Build.0 = Debug|Win32
		{12D9E5BD-5A84-4731-82C4-8248AAE0CA6B}.Debug|Win32.ActiveCfg = Debug|x64
		{12D9E5BD-5A84-4731-82C4-8248AAE0CA6B}.Debug|Win32.Build.0 = Debug|x64
		{12D9E5BD-5A84-4731-82C4-8248AAE0CA6B}.Debug|x64.ActiveCfg = Debug|x64
		{12D9E5BD-5A84-4731-82C4-8248AAE0CA6B}.Debug|x64.Build.0 = Debug|x64
		{12D9E5BD-5A84-4731-82C4-8248AAE0CA6B}.Release|Mixed Platforms.ActiveCfg = Release|Win32
		{12D9E5BD-5A84-4731-82C4-8248AAE0CA6B}.Release|Mixed Platforms.Build.0 = Release|Win32
		{12D9E5BD-5A84-4731-82C4-8248AAE0CA6B}.Release|Win32.ActiveCfg = Release|Win32
		{12D9E5BD-5A84-4731-82C4-8248AAE0CA6B}.Release|Win32.Build.0 = Release|Win32
		{12D9E5BD-5A84-4731-82C4-8248AAE0CA6B}.Release|x64.ActiveCfg = Release|x64
		{12D9E5BD-5A84-4731-82C4-8248AAE0CA6B}.Release|x64.Build.0 = Release|x64
		{D9E7796F-710B-4FC6-9590-719E11AE539C}.Debug|Mixed Platforms.ActiveCfg = Debug|Win32
		{D9E7796F-710B-4FC6-9590-719E11AE539C}.Debug|Mixed Platforms.Build.0 = Debug|Win32
		{D9E7796F-710B-4FC6-9590-719E11AE539C}.Debug|Win32.ActiveCfg = Debug|x64
		{D9E7796F-710B-4FC6-9590-719E11AE539C}.Debug|Win32.Build.0 = Debug|x64
		{D9E7796F-710B-4FC6-9590-719E11AE539C}.Debug|x64.ActiveCfg = Debug|x64
		{D9E7796F-710B-4FC6-9590-719E11AE539C}.Debug|x64.Build.0 = Debug|x64
		{D9E7796F-710B-4FC6-9590-719E11AE539C}.Release|Mixed Platforms.ActiveCfg = Release|Win32
		{D9E7796F-710B-4FC6-9590-719E11AE539C}.Release|Mixed Platforms.Build.0 = Release|Win32
		{D9E7796F-710B-4FC6-9590-719E11AE539C}.Release|Win32.ActiveCfg = Release|Win32
		{D9E7796F-710B-4FC6-9590-719E11AE539C}.Release|Win32.Build.0 = Release|Win32
		{D9E7796F-710B-4FC6-9590-719E11AE539C}.Release|x64.ActiveCfg = Release|x64
		{D9E7796F-710B-4FC6-9590-719E11AE539C}.Release|x64.Build.0 = Release|x64
		{9924FDA5-5BC2-4F4E-B5CE-D0A3D5F2B62B}.Debug|Mixed Platforms.ActiveCfg = Debug|Win32
		{9924FDA5-5BC2-4F4E-B5CE-D0A3D5F2B62B}.Debug|Mixed Platforms.Build.0 = Debug|Win32
		{9924FDA5-5BC2-4F4E-B5CE-D0A3D5F2B62B}.Debug|Win32.ActiveCfg = Debug|x64
		{9924FDA5-5BC2-4F4E-B5CE-D0A3D5F2B62B}.Debug|Win32.Build.0 = Debug|x64
		{9924FDA5-5BC2-4F4E-B5CE-D0A3D5F2B62B}.Debug|x64.ActiveCfg = Debug|x64
		{9924FDA5-5BC2-4F4E-B5CE-D0A3D5F2B62B}.Debug|x64.Build.0 = Debug|x64
		{9924FDA5-5BC2-4F4E-B5CE-D0A3D5F2B62B}.Release|Mixed Platforms.ActiveCfg = Release|Win32
		{9924FDA5-5BC2-4F4E-B5CE-D0A3D5F2B62B}.Release|Mixed Platforms.Build.0 = Release|Win32
		{9924FDA5-5BC2-4F4E-B5CE-D0A3D5F2B62B}.Release|Win32.ActiveCfg = Release|Win32
		{9924FDA5-5BC2-4F4E-B5CE-D0A3D5F2B62B}.Release|Win32.Build.0 = Release|Win32
		{9924FDA5-5BC2-4F4E-B5CE-D0A3D5F2B62B}.Release|x64.ActiveCfg = Release|x64
		{9924FDA5-5BC2-4F4E-B5CE-D0A3D5F2B62B}.Release|x64.Build.0 = Release|x64
		{6B8571A8-0694-4F83-80C1-7A120C43D9A9}.Debug|Mixed Platforms.ActiveCfg = Debug|Win32
		{6B8571A8-0694-4F83-80C1-7A120C43D9A9}.Debug|Mixed Platforms.Build.0 = Debug|Win32
		{6B8571A8-0694-4F83-80C1-7A120C43D9A9}.Debug|Win32.ActiveCfg = Debug|x64
		{6B8571A8-0694-4F83-80C1-7A120C43D9A9}.Debug|Win32.Build.0 = Debug|x64
		{6B8571A8-0694-4F83-80C1-7A120C43D9A9}.Debug|x64.ActiveCfg = Debug|x64
		{6B8571A8-0694-4F83-80C1-7A120C43D9A9}.Debug|x64.Build.0 = Debug|x64
		{6B8571A8-0694-4F83-80C1-7A120C43D9A9}.Release|Mixed Platforms.ActiveCfg = Release|Win32
		{6B8571A8-0694-4F83-80C1-7A120C43D9A9}.Release|Mixed Platforms.Build.0 = Release|Win32
		{6B8571A8-0694-4F83-80C1-7A120C43D9A9}.Release|Win32.ActiveCfg = Release|Win32
		{6B8571A8-0694-4F83-80C1-7A120C43D9A9}.Release|Win32.Build.0 = Release|Win32
		{6B8571A8-0694-4F83-80C1-7A120C43D9A9}.Release|x64.ActiveCfg = Release|x64
		{6B8571A8-0694-4F83-80C1-7A120C43D9A9}.Release|x64.Build.0 = Release|x64
		{44B83923-1EC9-4E10-904D-E80A1D2C74CC}.Debug|Mixed Platforms.ActiveCfg = Debug|Win32
		{44B83923-1EC9-4E10-904D-E80A1D2C74CC}.Debug|Mixed Platforms.Build.0 = Debug|Win32
		{44B83923-1EC9-4E10-904D-E80A1D2C74CC}.Debug|Win32.ActiveCfg = Debug|x64
		{44B83923-1EC9-4E10-904D-E80A1D2C74CC}.Debug|Win32.Build.0 = Debug|x64
		{44B83923-1EC9-4E10-904D-E80A1D2C74CC}.Debug|x64.ActiveCfg = Debug|x64
		{44B83923-1EC9-4E10-904D-E80A1D2C74CC}.Debug|x64.Build.0 = Debug|x64
		{44B83923-1EC9-4E10-904D-E80A1D2C74CC}.Release|Mixed Platforms.ActiveCfg = Release|Win32
		{44B83923-1EC9-4E10-904D-E80A1D2C74CC}.Release|Mixed Platforms.Build.0 = Release|Win32
		{44B83923-1EC9-4E10-904D-E80A1D2C74CC}.Release|Win32.ActiveCfg = Release|Win32
		{44B83923-1EC9-4E10-904D-E80A1D2C74CC}.Release|Win32.Build.0 = Release|Win32
		{44B83923-1EC9-4E10-904D-E80A1D2C74CC}.Release|x64.ActiveCfg = Release|x64
		{44B83923-1EC9-4E10-904D-E80A1D2C74CC}.Release|x64.Build.0 = Release|x64
		{877C73CF-1B48-42A5-9B1B-A09223B27CEC}.Debug|Mixed Platforms.ActiveCfg = Debug|Win32
		{877C73CF-1B48-42A5-9B1B-A09223B27CEC}.Debug|Mixed Platforms.Build.0 = Debug|Win32
		{877C73CF-1B48-42A5-9B1B-A09223B27CEC}.Debug|Win32.ActiveCfg = Debug|x64
		{877C73CF-1B48-42A5-9B1B-A09223B27CEC}.Debug|Win32.Build.0 = Debug|x64
		{877C73CF-1B48-42A5-9B1B-A09223B27CEC}.Debug|x64.ActiveCfg = Debug|x64
		{877C73CF-1B48-42A5-9B1B-A09223B27CEC}.Debug|x64.Build.0 = Debug|x64
		{877C73CF-1B48-42A5-9B1B-A09223B27CEC}.Release|Mixed Platforms.ActiveCfg = Release|Win32
		{877C73CF-1B48-42A5-9B1B-A09223B27CEC}.Release|Mixed Platforms.Build.0 = Release|Win32
		{877C73CF-1B48-42A5-9B1B-A09223B27CEC}.Release|Win32.ActiveCfg = Release|Win32
		{877C73CF-1B48-42A5-9B1B-A09223B27CEC}.Release|Win32.Build.0 = Release|Win32
		{877C73CF-1B48-42A5-9B1B-A09223B27CEC}.Release|x64.ActiveCfg = Release|x64
		{877C73CF-1B48-42A5-9B1B-A09223B27CEC}.Release|x64.Build.0 = Release|x64
		{33B551C0-8F15-40D5-B7B2-21AEB82C6E3F}.Debug|Mixed Platforms.ActiveCfg = Debug|Win32
		{33B551C0-8F15-40D5-B7B2-21AEB82C6E3F}.Debug|Mixed Platforms.Build.0 = Debug|Win32
		{33B551C0-8F15-40D5-B7B2-21AEB82C6E3F}.Debug|Win32.ActiveCfg = Debug|Win32
		{33B551C0-8F15-40D5-B7B2-21AEB82C6E3F}.Debug|Win32.Build.0 = Debug|Win32
		{33B551C0-8F15-40D5-B7B2-21AEB82C6E3F}.Debug|x64.ActiveCfg = Debug|x64
		{33B551C0-8F15-40D5-B7B2-21AEB82C6E3F}.Debug|x64.Build.0 = Debug|x64
		{33B551C0-8F15-40D5-B7B2-21AEB82C6E3F}.Release|Mixed Platforms.ActiveCfg = Release|Win32
		{33B551C0-8F15-40D5-B7B2-21AEB82C6E3F}.Release|Mixed Platforms.Build.0 = Release|Win32
		{33B551C0-8F15-40D5-B7B2-21AEB82C6E3F}.Release|Win32.ActiveCfg = Release|Win32
		{33B551C0-8F15-40D5-B7B2-21AEB82C6E3F}.Release|Win32.Build.0 = Release|Win32
		{33B551C0-8F15-40D5-B7B2-21AEB82C6E3F}.Release|x64.ActiveCfg = Release|x64
		{33B551C0-8F15-40D5-B7B2-21AEB82C6E3F}.Release|x64.Build.0 = Release|x64
		{2F8EB5AD-A2BA-4BCF-91BA-8E8D7FE87C01}.Debug|Mixed Platforms.ActiveCfg = Debug|Win32
		{2F8EB5AD-A2BA-4BCF-91BA-8E8D7FE87C01}.Debug|Mixed Platforms.Build.0 = Debug|Win32
		{2F8EB5AD-A2BA-4BCF-91BA-8E8D7FE87C01}.Debug|Win32.ActiveCfg = Debug|Win32
		{2F8EB5AD-A2BA-4BCF-91BA-8E8D7FE87C01}.Debug|Win32.Build.0 = Debug|Win32
		{2F8EB5AD-A2BA-4BCF-91BA-8E8D7FE87C01}.Debug|x64.ActiveCfg = Debug|x64
		{2F8EB5AD-A2BA-4BCF-91BA-8E8D7FE87C01}.Debug|x64.Build.0 = Debug|x64
		{2F8EB5AD-A2BA-4BCF-91BA-8E8D7FE87C01}.Release|Mixed Platforms.ActiveCfg = Release|Win32
		{2F8EB5AD-A2BA-4BCF-91BA-8E8D7FE87C01}.Release|Mixed Platforms.Build.0 = Release|Win32
		{2F8EB5AD-A2BA-4BCF-91BA-8E8D7FE87C01}.Release|Win32.ActiveCfg = Release|Win32
		{2F8EB5AD-A2BA-4BCF-91BA-8E8D7FE87C01}.Release|Win32.Build.0 = Release|Win32
		{2F8EB5AD-A2BA-4BCF-91BA-8E8D7FE87C01}.Release|x64.ActiveCfg = Release|x64
		{2F8EB5AD-A2BA-4BCF-91BA-8E8D7FE87C01}.Release|x64.Build.0 = Release|x64
	EndGlobalSection
	GlobalSection(SolutionProperties) = preSolution
		HideSolutionNode = FALSE
	EndGlobalSection
	GlobalSection(NestedProjects) = preSolution
		{127613F8-1D98-4735-8D59-D58AB9033E1A} = {63AE401A-2E51-426B-82CF-CFA1571DED68}
		{5B6DA751-D71A-42EE-B065-10D727E45068} = {63AE401A-2E51-426B-82CF-CFA1571DED68}
		{5C9D2644-DE35-44F9-99C3-AE8EAB844495} = {63AE401A-2E51-426B-82CF-CFA1571DED68}
		{12D9E5BD-5A84-4731-82C4-8248AAE0CA6B} = {63AE401A-2E51-426B-82CF-CFA1571DED68}
		{D9E7796F-710B-4FC6-9590-719E11AE539C} = {63AE401A-2E51-426B-82CF-CFA1571DED68}
		{9924FDA5-5BC2-4F4E-B5CE-D0A3D5F2B62B} = {63AE401A-2E51-426B-82CF-CFA1571DED68}
		{6B8571A8-0694-4F83-80C1-7A120C43D9A9} = {63AE401A-2E51-426B-82CF-CFA1571DED68}
		{44B83923-1EC9-4E10-904D-E80A1D2C74CC} = {8ACACA57-A4E5-4888-9939-524BC1A5B7A3}
		{877C73CF-1B48-42A5-9B1B-A09223B27CEC} = {8ACACA57-A4E5-4888-9939-524BC1A5B7A3}
		{33B551C0-8F15-40D5-B7B2-21AEB82C6E3F} = {63AE401A-2E51-426B-82CF-CFA1571DED68}
		{2F8EB5AD-A2BA-4BCF-91BA-8E8D7FE87C01} = {8ACACA57-A4E5-4888-9939-524BC1A5B7A3}
	EndGlobalSection
EndGlobal
